<?xml version="1.0" encoding="utf-8"?>
<Project ToolsVersion="16.0" xmlns="http://schemas.microsoft.com/developer/msbuild/2003">
  <ItemGroup>
    <ClCompile Include="D:\projects\computer_graphics-uni\Mycode\src\MonkeyScene.cpp">
      <Filter>source</Filter>
    </ClCompile>
    <ClCompile Include="D:\projects\computer_graphics-uni\Mycode\src\Assignment2.cpp">
      <Filter>source</Filter>
    </ClCompile>
    <ClCompile Include="D:\projects\computer_graphics-uni\Mycode\src\Assignment3.cpp">
      <Filter>source</Filter>
    </ClCompile>
    <ClCompile Include="D:\projects\computer_graphics-uni\Mycode\src\camera.cpp">
      <Filter>source</Filter>
    </ClCompile>
    <ClCompile Include="D:\projects\computer_graphics-uni\Mycode\src\helpers.cpp">
      <Filter>source</Filter>
    </ClCompile>
    <ClCompile Include="D:\projects\computer_graphics-uni\cg-sources\main.cpp">
      <Filter>source</Filter>
    </ClCompile>
    <ClCompile Include="D:\projects\computer_graphics-uni\cg-sources\debugmessagecallback.cpp">
      <Filter>source</Filter>
    </ClCompile>
    <ClCompile Include="D:\projects\computer_graphics-uni\cg-sources\examplescene1.cpp">
      <Filter>source</Filter>
    </ClCompile>
    <ClCompile Include="D:\projects\computer_graphics-uni\cg-sources\examplescene2.cpp">
      <Filter>source</Filter>
    </ClCompile>
    <ClCompile Include="D:\projects\computer_graphics-uni\cg-sources\examplescene3.cpp">
      <Filter>source</Filter>
    </ClCompile>
    <ClCompile Include="D:\projects\computer_graphics-uni\cg-sources\examplescene4.cpp">
      <Filter>source</Filter>
    </ClCompile>
    <ClCompile Include="D:\projects\computer_graphics-uni\cg-sources\objparser.cpp">
      <Filter>source</Filter>
    </ClCompile>
    <ClCompile Include="D:\projects\computer_graphics-uni\cg-sources\sdlwrapper.cpp">
      <Filter>source</Filter>
    </ClCompile>
    <ClCompile Include="D:\projects\computer_graphics-uni\cg-sources\shaderprogram.cpp">
      <Filter>source</Filter>
    </ClCompile>
    <ClCompile Include="D:\projects\computer_graphics-uni\cg-sources\texture.cpp">
      <Filter>source</Filter>
    </ClCompile>
  </ItemGroup>
  <ItemGroup>
    <ClInclude Include="D:\projects\computer_graphics-uni\Mycode\include\MonkeyScene.h">
      <Filter>include</Filter>
    </ClInclude>
    <ClInclude Include="D:\projects\computer_graphics-uni\Mycode\include\Assignment2.h">
      <Filter>include</Filter>
    </ClInclude>
    <ClInclude Include="D:\projects\computer_graphics-uni\Mycode\include\Assignment3.h">
      <Filter>include</Filter>
    </ClInclude>
    <ClInclude Include="D:\projects\computer_graphics-uni\Mycode\include\helpers.h">
      <Filter>include</Filter>
    </ClInclude>
    <ClInclude Include="D:\projects\computer_graphics-uni\Mycode\include\camera.h">
      <Filter>include</Filter>
    </ClInclude>
    <ClInclude Include="D:\projects\computer_graphics-uni\Mycode\include\object.h">
      <Filter>include</Filter>
    </ClInclude>
    <ClInclude Include="D:\projects\computer_graphics-uni\cg-sources\debugmessagecallback.h">
      <Filter>include</Filter>
    </ClInclude>
    <ClInclude Include="D:\projects\computer_graphics-uni\cg-sources\examplescene1.h">
      <Filter>include</Filter>
    </ClInclude>
    <ClInclude Include="D:\projects\computer_graphics-uni\cg-sources\examplescene2.h">
      <Filter>include</Filter>
    </ClInclude>
    <ClInclude Include="D:\projects\computer_graphics-uni\cg-sources\examplescene3.h">
      <Filter>include</Filter>
    </ClInclude>
    <ClInclude Include="D:\projects\computer_graphics-uni\cg-sources\examplescene4.h">
      <Filter>include</Filter>
    </ClInclude>
    <ClInclude Include="D:\projects\computer_graphics-uni\cg-sources\objparser.h">
      <Filter>include</Filter>
    </ClInclude>
    <ClInclude Include="D:\projects\computer_graphics-uni\cg-sources\scene.h">
      <Filter>include</Filter>
    </ClInclude>
    <ClInclude Include="D:\projects\computer_graphics-uni\cg-sources\sdlwrapper.h">
      <Filter>include</Filter>
    </ClInclude>
    <ClInclude Include="D:\projects\computer_graphics-uni\cg-sources\shaderprogram.h">
      <Filter>include</Filter>
    </ClInclude>
    <ClInclude Include="D:\projects\computer_graphics-uni\cg-sources\streamredirector.h">
      <Filter>include</Filter>
    </ClInclude>
    <ClInclude Include="D:\projects\computer_graphics-uni\cg-sources\texture.h">
      <Filter>include</Filter>
    </ClInclude>
  </ItemGroup>
  <ItemGroup>
    <CustomBuild Include="D:\projects\computer_graphics-uni\Mycode\src\CMakeLists.txt" />
  </ItemGroup>
  <ItemGroup>
    <Filter Include="include">
      <UniqueIdentifier>{C5521C07-EDDF-3E7F-8E93-3A02BCEA511F}</UniqueIdentifier>
    </Filter>
    <Filter Include="source">
      <UniqueIdentifier>{0B35EC4D-3F97-38CA-A661-2FAE35B65F72}</UniqueIdentifier>
    </Filter>
  </ItemGroup>
</Project>
